
Microsoft Visual Studio Solution File, Format Version 12.00
# Visual Studio Version 16
VisualStudioVersion = 16.0.29609.76
MinimumVisualStudioVersion = 10.0.40219.1
Project("{FAE04EC0-301F-11D3-BF4B-00C04F79EFBC}") = "ClassWork4", "ClassWork4\ClassWork4.csproj", "{DBCF2CEA-595D-4D56-B4F6-03F2999D682D}"
EndProject
Global
	GlobalSection(SolutionConfigurationPlatforms) = preSolution
		Debug|Any CPU = Debug|Any CPU
		Release|Any CPU = Release|Any CPU
	EndGlobalSection
	GlobalSection(ProjectConfigurationPlatforms) = postSolution
		{DBCF2CEA-595D-4D56-B4F6-03F2999D682D}.Debug|Any CPU.ActiveCfg = Debug|Any CPU
		{DBCF2CEA-595D-4D56-B4F6-03F2999D682D}.Debug|Any CPU.Build.0 = Debug|Any CPU
		{DBCF2CEA-595D-4D56-B4F6-03F2999D682D}.Release|Any CPU.ActiveCfg = Release|Any CPU
		{DBCF2CEA-595D-4D56-B4F6-03F2999D682D}.Release|Any CPU.Build.0 = Release|Any CPU
	EndGlobalSection
	GlobalSection(SolutionProperties) = preSolution
		HideSolutionNode = FALSE
	EndGlobalSection
	GlobalSection(ExtensibilityGlobals) = postSolution
		SolutionGuid = {5945C5B8-639C-431F-8129-1DC8F7A54494}
	EndGlobalSection
EndGlobal
